// !$*UTF8*$!
{
	archiveVersion = 1;
	classes = {
	};
	objectVersion = 48;
	objects = {

/* Begin PBXBuildFile section */
		5B50A9E3203DA86700FE5CF5 /* AppDelegate.m in Sources */ = {isa = PBXBuildFile; fileRef = 5B50A9E2203DA86700FE5CF5 /* AppDelegate.m */; };
		5B50A9E6203DA86800FE5CF5 /* ViewController.m in Sources */ = {isa = PBXBuildFile; fileRef = 5B50A9E5203DA86800FE5CF5 /* ViewController.m */; };
		5B50A9E9203DA86800FE5CF5 /* Main.storyboard in Resources */ = {isa = PBXBuildFile; fileRef = 5B50A9E7203DA86800FE5CF5 /* Main.storyboard */; };
		5B50A9EB203DA86800FE5CF5 /* Assets.xcassets in Resources */ = {isa = PBXBuildFile; fileRef = 5B50A9EA203DA86800FE5CF5 /* Assets.xcassets */; };
		5B50A9EE203DA86800FE5CF5 /* LaunchScreen.storyboard in Resources */ = {isa = PBXBuildFile; fileRef = 5B50A9EC203DA86800FE5CF5 /* LaunchScreen.storyboard */; };
		5B50A9F1203DA86800FE5CF5 /* main.m in Sources */ = {isa = PBXBuildFile; fileRef = 5B50A9F0203DA86800FE5CF5 /* main.m */; };
		5B6AE27D203E988C005D8E8F /* color_picker@3x.png in Resources */ = {isa = PBXBuildFile; fileRef = 5B6AE277203E988B005D8E8F /* color_picker@3x.png */; };
		5B6AE27E203E988C005D8E8F /* color_slider@3x.png in Resources */ = {isa = PBXBuildFile; fileRef = 5B6AE278203E988B005D8E8F /* color_slider@3x.png */; };
		5B6AE27F203E988C005D8E8F /* color_picker.png in Resources */ = {isa = PBXBuildFile; fileRef = 5B6AE279203E988B005D8E8F /* color_picker.png */; };
		5B6AE280203E988C005D8E8F /* color_slider.png in Resources */ = {isa = PBXBuildFile; fileRef = 5B6AE27A203E988B005D8E8F /* color_slider.png */; };
		5B6AE281203E988C005D8E8F /* color_picker@2x.png in Resources */ = {isa = PBXBuildFile; fileRef = 5B6AE27B203E988C005D8E8F /* color_picker@2x.png */; };
		5B6AE282203E988C005D8E8F /* color_slider@2x.png in Resources */ = {isa = PBXBuildFile; fileRef = 5B6AE27C203E988C005D8E8F /* color_slider@2x.png */; };
		5BA5F4DF203DB4A900EA8502 /* ColorPickerController.m in Sources */ = {isa = PBXBuildFile; fileRef = 5BA5F4D7203DB4A900EA8502 /* ColorPickerController.m */; };
		5BA5F4E0203DB4A900EA8502 /* ColorPickerAlphaSlider.m in Sources */ = {isa = PBXBuildFile; fileRef = 5BA5F4DA203DB4A900EA8502 /* ColorPickerAlphaSlider.m */; };
		5BA5F4E1203DB4A900EA8502 /* ColorPickerImageView.m in Sources */ = {isa = PBXBuildFile; fileRef = 5BA5F4DC203DB4A900EA8502 /* ColorPickerImageView.m */; };
		5BA5F4E2203DB4A900EA8502 /* ColorSlider.m in Sources */ = {isa = PBXBuildFile; fileRef = 5BA5F4DE203DB4A900EA8502 /* ColorSlider.m */; };
		5BA5F4E4203DB70500EA8502 /* ColorPickerController.xib in Resources */ = {isa = PBXBuildFile; fileRef = 5BA5F4E3203DB70500EA8502 /* ColorPickerController.xib */; };
		5BA5F4E8203DB81100EA8502 /* color_wheel@2x.png in Resources */ = {isa = PBXBuildFile; fileRef = 5BA5F4E6203DB81100EA8502 /* color_wheel@2x.png */; };
		5BA5F4E9203DB81100EA8502 /* color_wheel@3x.png in Resources */ = {isa = PBXBuildFile; fileRef = 5BA5F4E7203DB81100EA8502 /* color_wheel@3x.png */; };
		5BA5F4EB203DB86600EA8502 /* color_wheel.png in Resources */ = {isa = PBXBuildFile; fileRef = 5BA5F4EA203DB86600EA8502 /* color_wheel.png */; };
/* End PBXBuildFile section */

/* Begin PBXFileReference section */
		5B50A9DE203DA86700FE5CF5 /* IntColorPicker.app */ = {isa = PBXFileReference; explicitFileType = wrapper.application; includeInIndex = 0; path = IntColorPicker.app; sourceTree = BUILT_PRODUCTS_DIR; };
		5B50A9E1203DA86700FE5CF5 /* AppDelegate.h */ = {isa = PBXFileReference; lastKnownFileType = sourcecode.c.h; path = AppDelegate.h; sourceTree = "<group>"; };
		5B50A9E2203DA86700FE5CF5 /* AppDelegate.m */ = {isa = PBXFileReference; lastKnownFileType = sourcecode.c.objc; path = AppDelegate.m; sourceTree = "<group>"; };
		5B50A9E4203DA86800FE5CF5 /* ViewController.h */ = {isa = PBXFileReference; lastKnownFileType = sourcecode.c.h; path = ViewController.h; sourceTree = "<group>"; };
		5B50A9E5203DA86800FE5CF5 /* ViewController.m */ = {isa = PBXFileReference; lastKnownFileType = sourcecode.c.objc; path = ViewController.m; sourceTree = "<group>"; };
		5B50A9E8203DA86800FE5CF5 /* Base */ = {isa = PBXFileReference; lastKnownFileType = file.storyboard; name = Base; path = Base.lproj/Main.storyboard; sourceTree = "<group>"; };
		5B50A9EA203DA86800FE5CF5 /* Assets.xcassets */ = {isa = PBXFileReference; lastKnownFileType = folder.assetcatalog; path = Assets.xcassets; sourceTree = "<group>"; };
		5B50A9ED203DA86800FE5CF5 /* Base */ = {isa = PBXFileReference; lastKnownFileType = file.storyboard; name = Base; path = Base.lproj/LaunchScreen.storyboard; sourceTree = "<group>"; };
		5B50A9EF203DA86800FE5CF5 /* Info.plist */ = {isa = PBXFileReference; lastKnownFileType = text.plist.xml; path = Info.plist; sourceTree = "<group>"; };
		5B50A9F0203DA86800FE5CF5 /* main.m */ = {isa = PBXFileReference; lastKnownFileType = sourcecode.c.objc; path = main.m; sourceTree = "<group>"; };
		5B6AE277203E988B005D8E8F /* color_picker@3x.png */ = {isa = PBXFileReference; lastKnownFileType = image.png; path = "color_picker@3x.png"; sourceTree = "<group>"; };
		5B6AE278203E988B005D8E8F /* color_slider@3x.png */ = {isa = PBXFileReference; lastKnownFileType = image.png; path = "color_slider@3x.png"; sourceTree = "<group>"; };
		5B6AE279203E988B005D8E8F /* color_picker.png */ = {isa = PBXFileReference; lastKnownFileType = image.png; path = color_picker.png; sourceTree = "<group>"; };
		5B6AE27A203E988B005D8E8F /* color_slider.png */ = {isa = PBXFileReference; lastKnownFileType = image.png; path = color_slider.png; sourceTree = "<group>"; };
		5B6AE27B203E988C005D8E8F /* color_picker@2x.png */ = {isa = PBXFileReference; lastKnownFileType = image.png; path = "color_picker@2x.png"; sourceTree = "<group>"; };
		5B6AE27C203E988C005D8E8F /* color_slider@2x.png */ = {isa = PBXFileReference; lastKnownFileType = image.png; path = "color_slider@2x.png"; sourceTree = "<group>"; };
		5BA5F4D6203DB4A900EA8502 /* ColorPickerController.h */ = {isa = PBXFileReference; fileEncoding = 4; lastKnownFileType = sourcecode.c.h; path = ColorPickerController.h; sourceTree = "<group>"; };
		5BA5F4D7203DB4A900EA8502 /* ColorPickerController.m */ = {isa = PBXFileReference; fileEncoding = 4; lastKnownFileType = sourcecode.c.objc; path = ColorPickerController.m; sourceTree = "<group>"; };
		5BA5F4D9203DB4A900EA8502 /* ColorPickerAlphaSlider.h */ = {isa = PBXFileReference; fileEncoding = 4; lastKnownFileType = sourcecode.c.h; path = ColorPickerAlphaSlider.h; sourceTree = "<group>"; };
		5BA5F4DA203DB4A900EA8502 /* ColorPickerAlphaSlider.m */ = {isa = PBXFileReference; fileEncoding = 4; lastKnownFileType = sourcecode.c.objc; path = ColorPickerAlphaSlider.m; sourceTree = "<group>"; };
		5BA5F4DB203DB4A900EA8502 /* ColorPickerImageView.h */ = {isa = PBXFileReference; fileEncoding = 4; lastKnownFileType = sourcecode.c.h; path = ColorPickerImageView.h; sourceTree = "<group>"; };
		5BA5F4DC203DB4A900EA8502 /* ColorPickerImageView.m */ = {isa = PBXFileReference; fileEncoding = 4; lastKnownFileType = sourcecode.c.objc; path = ColorPickerImageView.m; sourceTree = "<group>"; };
		5BA5F4DD203DB4A900EA8502 /* ColorSlider.h */ = {isa = PBXFileReference; fileEncoding = 4; lastKnownFileType = sourcecode.c.h; path = ColorSlider.h; sourceTree = "<group>"; };
		5BA5F4DE203DB4A900EA8502 /* ColorSlider.m */ = {isa = PBXFileReference; fileEncoding = 4; lastKnownFileType = sourcecode.c.objc; path = ColorSlider.m; sourceTree = "<group>"; };
		5BA5F4E3203DB70500EA8502 /* ColorPickerController.xib */ = {isa = PBXFileReference; fileEncoding = 4; lastKnownFileType = file.xib; path = ColorPickerController.xib; sourceTree = "<group>"; };
		5BA5F4E6203DB81100EA8502 /* color_wheel@2x.png */ = {isa = PBXFileReference; lastKnownFileType = image.png; path = "color_wheel@2x.png"; sourceTree = "<group>"; };
		5BA5F4E7203DB81100EA8502 /* color_wheel@3x.png */ = {isa = PBXFileReference; lastKnownFileType = image.png; path = "color_wheel@3x.png"; sourceTree = "<group>"; };
		5BA5F4EA203DB86600EA8502 /* color_wheel.png */ = {isa = PBXFileReference; lastKnownFileType = image.png; path = color_wheel.png; sourceTree = "<group>"; };
/* End PBXFileReference section */

/* Begin PBXFrameworksBuildPhase section */
		5B50A9DB203DA86700FE5CF5 /* Frameworks */ = {
			isa = PBXFrameworksBuildPhase;
			buildActionMask = 2147483647;
			files = (
			);
			runOnlyForDeploymentPostprocessing = 0;
		};
/* End PBXFrameworksBuildPhase section */

/* Begin PBXGroup section */
		5B50A9D5203DA86700FE5CF5 = {
			isa = PBXGroup;
			children = (
				5B50A9E0203DA86700FE5CF5 /* IntColorPicker */,
				5B50A9DF203DA86700FE5CF5 /* Products */,
			);
			sourceTree = "<group>";
		};
		5B50A9DF203DA86700FE5CF5 /* Products */ = {
			isa = PBXGroup;
			children = (
				5B50A9DE203DA86700FE5CF5 /* IntColorPicker.app */,
			);
			name = Products;
			sourceTree = "<group>";
		};
		5B50A9E0203DA86700FE5CF5 /* IntColorPicker */ = {
			isa = PBXGroup;
			children = (
				5BA5F4D5203DB4A900EA8502 /* ColorPickerController */,
				5B50A9E1203DA86700FE5CF5 /* AppDelegate.h */,
				5B50A9E2203DA86700FE5CF5 /* AppDelegate.m */,
				5B50A9E4203DA86800FE5CF5 /* ViewController.h */,
				5B50A9E5203DA86800FE5CF5 /* ViewController.m */,
				5B50A9E7203DA86800FE5CF5 /* Main.storyboard */,
				5B50A9EA203DA86800FE5CF5 /* Assets.xcassets */,
				5B50A9EC203DA86800FE5CF5 /* LaunchScreen.storyboard */,
				5B50A9EF203DA86800FE5CF5 /* Info.plist */,
				5B50A9F0203DA86800FE5CF5 /* main.m */,
			);
			path = IntColorPicker;
			sourceTree = "<group>";
		};
		5BA5F4D5203DB4A900EA8502 /* ColorPickerController */ = {
			isa = PBXGroup;
			children = (
				5BA5F4D6203DB4A900EA8502 /* ColorPickerController.h */,
				5BA5F4D7203DB4A900EA8502 /* ColorPickerController.m */,
				5BA5F4E3203DB70500EA8502 /* ColorPickerController.xib */,
				5BA5F4E5203DB81100EA8502 /* Img_Color_Wheel */,
				5BA5F4D8203DB4A900EA8502 /* ColorPickerImageView */,
			);
			path = ColorPickerController;
			sourceTree = "<group>";
		};
		5BA5F4D8203DB4A900EA8502 /* ColorPickerImageView */ = {
			isa = PBXGroup;
			children = (
				5BA5F4D9203DB4A900EA8502 /* ColorPickerAlphaSlider.h */,
				5BA5F4DA203DB4A900EA8502 /* ColorPickerAlphaSlider.m */,
				5BA5F4DB203DB4A900EA8502 /* ColorPickerImageView.h */,
				5BA5F4DC203DB4A900EA8502 /* ColorPickerImageView.m */,
				5BA5F4DD203DB4A900EA8502 /* ColorSlider.h */,
				5BA5F4DE203DB4A900EA8502 /* ColorSlider.m */,
			);
			path = ColorPickerImageView;
			sourceTree = "<group>";
		};
		5BA5F4E5203DB81100EA8502 /* Img_Color_Wheel */ = {
			isa = PBXGroup;
			children = (
				5B6AE279203E988B005D8E8F /* color_picker.png */,
				5B6AE27B203E988C005D8E8F /* color_picker@2x.png */,
				5B6AE277203E988B005D8E8F /* color_picker@3x.png */,
				5B6AE27A203E988B005D8E8F /* color_slider.png */,
				5B6AE27C203E988C005D8E8F /* color_slider@2x.png */,
				5B6AE278203E988B005D8E8F /* color_slider@3x.png */,
				5BA5F4EA203DB86600EA8502 /* color_wheel.png */,
				5BA5F4E6203DB81100EA8502 /* color_wheel@2x.png */,
				5BA5F4E7203DB81100EA8502 /* color_wheel@3x.png */,
			);
			path = Img_Color_Wheel;
			sourceTree = "<group>";
		};
/* End PBXGroup section */

/* Begin PBXNativeTarget section */
		5B50A9DD203DA86700FE5CF5 /* IntColorPicker */ = {
			isa = PBXNativeTarget;
			buildConfigurationList = 5B50A9F4203DA86800FE5CF5 /* Build configuration list for PBXNativeTarget "IntColorPicker" */;
			buildPhases = (
				5B50A9DA203DA86700FE5CF5 /* Sources */,
				5B50A9DB203DA86700FE5CF5 /* Frameworks */,
				5B50A9DC203DA86700FE5CF5 /* Resources */,
			);
			buildRules = (
			);
			dependencies = (
			);
			name = IntColorPicker;
			productName = IntColorPicker;
			productReference = 5B50A9DE203DA86700FE5CF5 /* IntColorPicker.app */;
			productType = "com.apple.product-type.application";
		};
/* End PBXNativeTarget section */

/* Begin PBXProject section */
		5B50A9D6203DA86700FE5CF5 /* Project object */ = {
			isa = PBXProject;
			attributes = {
				LastUpgradeCheck = 0920;
				TargetAttributes = {
					5B50A9DD203DA86700FE5CF5 = {
						CreatedOnToolsVersion = 9.2;
						ProvisioningStyle = Automatic;
					};
				};
			};
			buildConfigurationList = 5B50A9D9203DA86700FE5CF5 /* Build configuration list for PBXProject "IntColorPicker" */;
			compatibilityVersion = "Xcode 8.0";
			developmentRegion = en;
			hasScannedForEncodings = 0;
			knownRegions = (
				en,
				Base,
			);
			mainGroup = 5B50A9D5203DA86700FE5CF5;
			productRefGroup = 5B50A9DF203DA86700FE5CF5 /* Products */;
			projectDirPath = "";
			projectRoot = "";
			targets = (
				5B50A9DD203DA86700FE5CF5 /* IntColorPicker */,
			);
		};
/* End PBXProject section */

/* Begin PBXResourcesBuildPhase section */
		5B50A9DC203DA86700FE5CF5 /* Resources */ = {
			isa = PBXResourcesBuildPhase;
			buildActionMask = 2147483647;
			files = (
				5B6AE281203E988C005D8E8F /* color_picker@2x.png in Resources */,
				5B50A9EE203DA86800FE5CF5 /* LaunchScreen.storyboard in Resources */,
				5B6AE27F203E988C005D8E8F /* color_picker.png in Resources */,
				5B50A9EB203DA86800FE5CF5 /* Assets.xcassets in Resources */,
				5BA5F4EB203DB86600EA8502 /* color_wheel.png in Resources */,
				5BA5F4E8203DB81100EA8502 /* color_wheel@2x.png in Resources */,
				5B6AE282203E988C005D8E8F /* color_slider@2x.png in Resources */,
				5B50A9E9203DA86800FE5CF5 /* Main.storyboard in Resources */,
				5B6AE27D203E988C005D8E8F /* color_picker@3x.png in Resources */,
				5BA5F4E4203DB70500EA8502 /* ColorPickerController.xib in Resources */,
				5B6AE27E203E988C005D8E8F /* color_slider@3x.png in Resources */,
				5BA5F4E9203DB81100EA8502 /* color_wheel@3x.png in Resources */,
				5B6AE280203E988C005D8E8F /* color_slider.png in Resources */,
			);
			runOnlyForDeploymentPostprocessing = 0;
		};
/* End PBXResourcesBuildPhase section */

/* Begin PBXSourcesBuildPhase section */
		5B50A9DA203DA86700FE5CF5 /* Sources */ = {
			isa = PBXSourcesBuildPhase;
			buildActionMask = 2147483647;
			files = (
				5BA5F4E1203DB4A900EA8502 /* ColorPickerImageView.m in Sources */,
				5B50A9E6203DA86800FE5CF5 /* ViewController.m in Sources */,
				5B50A9F1203DA86800FE5CF5 /* main.m in Sources */,
				5BA5F4E0203DB4A900EA8502 /* ColorPickerAlphaSlider.m in Sources */,
				5B50A9E3203DA86700FE5CF5 /* AppDelegate.m in Sources */,
				5BA5F4E2203DB4A900EA8502 /* ColorSlider.m in Sources */,
				5BA5F4DF203DB4A900EA8502 /* ColorPickerController.m in Sources */,
			);
			runOnlyForDeploymentPostprocessing = 0;
		};
/* End PBXSourcesBuildPhase section */

/* Begin PBXVariantGroup section */
		5B50A9E7203DA86800FE5CF5 /* Main.storyboard */ = {
			isa = PBXVariantGroup;
			children = (
				5B50A9E8203DA86800FE5CF5 /* Base */,
			);
			name = Main.storyboard;
			sourceTree = "<group>";
		};
		5B50A9EC203DA86800FE5CF5 /* LaunchScreen.storyboard */ = {
			isa = PBXVariantGroup;
			children = (
				5B50A9ED203DA86800FE5CF5 /* Base */,
			);
			name = LaunchScreen.storyboard;
			sourceTree = "<group>";
		};
/* End PBXVariantGroup section */

/* Begin XCBuildConfiguration section */
		5B50A9F2203DA86800FE5CF5 /* Debug */ = {
			isa = XCBuildConfiguration;
			buildSettings = {
				ALWAYS_SEARCH_USER_PATHS = NO;
				CLANG_ANALYZER_NONNULL = YES;
				CLANG_ANALYZER_NUMBER_OBJECT_CONVERSION = YES_AGGRESSIVE;
				CLANG_CXX_LANGUAGE_STANDARD = "gnu++14";
				CLANG_CXX_LIBRARY = "libc++";
				CLANG_ENABLE_MODULES = YES;
				CLANG_ENABLE_OBJC_ARC = YES;
				CLANG_WARN_BLOCK_CAPTURE_AUTORELEASING = YES;
				CLANG_WARN_BOOL_CONVERSION = YES;
				CLANG_WARN_COMMA = YES;
				CLANG_WARN_CONSTANT_CONVERSION = YES;
				CLANG_WARN_DIRECT_OBJC_ISA_USAGE = YES_ERROR;
				CLANG_WARN_DOCUMENTATION_COMMENTS = YES;
				CLANG_WARN_EMPTY_BODY = YES;
				CLANG_WARN_ENUM_CONVERSION = YES;
				CLANG_WARN_INFINITE_RECURSION = YES;
				CLANG_WARN_INT_CONVERSION = YES;
				CLANG_WARN_NON_LITERAL_NULL_CONVERSION = YES;
				CLANG_WARN_OBJC_LITERAL_CONVERSION = YES;
				CLANG_WARN_OBJC_ROOT_CLASS = YES_ERROR;
				CLANG_WARN_RANGE_LOOP_ANALYSIS = YES;
				CLANG_WARN_STRICT_PROTOTYPES = YES;
				CLANG_WARN_SUSPICIOUS_MOVE = YES;
				CLANG_WARN_UNGUARDED_AVAILABILITY = YES_AGGRESSIVE;
				CLANG_WARN_UNREACHABLE_CODE = YES;
				CLANG_WARN__DUPLICATE_METHOD_MATCH = YES;
				CODE_SIGN_IDENTITY = "iPhone Developer";
				COPY_PHASE_STRIP = NO;
				DEBUG_INFORMATION_FORMAT = dwarf;
				ENABLE_STRICT_OBJC_MSGSEND = YES;
				ENABLE_TESTABILITY = YES;
				GCC_C_LANGUAGE_STANDARD = gnu11;
				GCC_DYNAMIC_NO_PIC = NO;
				GCC_NO_COMMON_BLOCKS = YES;
				GCC_OPTIMIZATION_LEVEL = 0;
				GCC_PREPROCESSOR_DEFINITIONS = (
					"DEBUG=1",
					"$(inherited)",
				);
				GCC_WARN_64_TO_32_BIT_CONVERSION = YES;
				GCC_WARN_ABOUT_RETURN_TYPE = YES_ERROR;
				GCC_WARN_UNDECLARED_SELECTOR = YES;
				GCC_WARN_UNINITIALIZED_AUTOS = YES_AGGRESSIVE;
				GCC_WARN_UNUSED_FUNCTION = YES;
				GCC_WARN_UNUSED_VARIABLE = YES;
				IPHONEOS_DEPLOYMENT_TARGET = 11.2;
				MTL_ENABLE_DEBUG_INFO = YES;
				ONLY_ACTIVE_ARCH = YES;
				SDKROOT = iphoneos;
			};
			name = Debug;
		};
		5B50A9F3203DA86800FE5CF5 /* Release */ = {
			isa = XCBuildConfiguration;
			buildSettings = {
				ALWAYS_SEARCH_USER_PATHS = NO;
				CLANG_ANALYZER_NONNULL = YES;
				CLANG_ANALYZER_NUMBER_OBJECT_CONVERSION = YES_AGGRESSIVE;
				CLANG_CXX_LANGUAGE_STANDARD = "gnu++14";
				CLANG_CXX_LIBRARY = "libc++";
				CLANG_ENABLE_MODULES = YES;
				CLANG_ENABLE_OBJC_ARC = YES;
				CLANG_WARN_BLOCK_CAPTURE_AUTORELEASING = YES;
				CLANG_WARN_BOOL_CONVERSION = YES;
				CLANG_WARN_COMMA = YES;
				CLANG_WARN_CONSTANT_CONVERSION = YES;
				CLANG_WARN_DIRECT_OBJC_ISA_USAGE = YES_ERROR;
				CLANG_WARN_DOCUMENTATION_COMMENTS = YES;
				CLANG_WARN_EMPTY_BODY = YES;
				CLANG_WARN_ENUM_CONVERSION = YES;
				CLANG_WARN_INFINITE_RECURSION = YES;
				CLANG_WARN_INT_CONVERSION = YES;
				CLANG_WARN_NON_LITERAL_NULL_CONVERSION = YES;
				CLANG_WARN_OBJC_LITERAL_CONVERSION = YES;
				CLANG_WARN_OBJC_ROOT_CLASS = YES_ERROR;
				CLANG_WARN_RANGE_LOOP_ANALYSIS = YES;
				CLANG_WARN_STRICT_PROTOTYPES = YES;
				CLANG_WARN_SUSPICIOUS_MOVE = YES;
				CLANG_WARN_UNGUARDED_AVAILABILITY = YES_AGGRESSIVE;
				CLANG_WARN_UNREACHABLE_CODE = YES;
				CLANG_WARN__DUPLICATE_METHOD_MATCH = YES;
				CODE_SIGN_IDENTITY = "iPhone Developer";
				COPY_PHASE_STRIP = NO;
				DEBUG_INFORMATION_FORMAT = "dwarf-with-dsym";
				ENABLE_NS_ASSERTIONS = NO;
				ENABLE_STRICT_OBJC_MSGSEND = YES;
				GCC_C_LANGUAGE_STANDARD = gnu11;
				GCC_NO_COMMON_BLOCKS = YES;
				GCC_WARN_64_TO_32_BIT_CONVERSION = YES;
				GCC_WARN_ABOUT_RETURN_TYPE = YES_ERROR;
				GCC_WARN_UNDECLARED_SELECTOR = YES;
				GCC_WARN_UNINITIALIZED_AUTOS = YES_AGGRESSIVE;
				GCC_WARN_UNUSED_FUNCTION = YES;
				GCC_WARN_UNUSED_VARIABLE = YES;
				IPHONEOS_DEPLOYMENT_TARGET = 11.2;
				MTL_ENABLE_DEBUG_INFO = NO;
				SDKROOT = iphoneos;
				VALIDATE_PRODUCT = YES;
			};
			name = Release;
		};
		5B50A9F5203DA86800FE5CF5 /* Debug */ = {
			isa = XCBuildConfiguration;
			buildSettings = {
				ASSETCATALOG_COMPILER_APPICON_NAME = AppIcon;
				CODE_SIGN_STYLE = Automatic;
				INFOPLIST_FILE = IntColorPicker/Info.plist;
				LD_RUNPATH_SEARCH_PATHS = "$(inherited) @executable_path/Frameworks";
				PRODUCT_BUNDLE_IDENTIFIER = com.IntColorPicker;
				PRODUCT_NAME = "$(TARGET_NAME)";
				TARGETED_DEVICE_FAMILY = "1,2";
			};
			name = Debug;
		};
		5B50A9F6203DA86800FE5CF5 /* Release */ = {
			isa = XCBuildConfiguration;
			buildSettings = {
				ASSETCATALOG_COMPILER_APPICON_NAME = AppIcon;
				CODE_SIGN_STYLE = Automatic;
				INFOPLIST_FILE = IntColorPicker/Info.plist;
				LD_RUNPATH_SEARCH_PATHS = "$(inherited) @executable_path/Frameworks";
				PRODUCT_BUNDLE_IDENTIFIER = com.IntColorPicker;
				PRODUCT_NAME = "$(TARGET_NAME)";
				TARGETED_DEVICE_FAMILY = "1,2";
			};
			name = Release;
		};
/* End XCBuildConfiguration section */

/* Begin XCConfigurationList section */
		5B50A9D9203DA86700FE5CF5 /* Build configuration list for PBXProject "IntColorPicker" */ = {
			isa = XCConfigurationList;
			buildConfigurations = (
				5B50A9F2203DA86800FE5CF5 /* Debug */,
				5B50A9F3203DA86800FE5CF5 /* Release */,
			);
			defaultConfigurationIsVisible = 0;
			defaultConfigurationName = Release;
		};
		5B50A9F4203DA86800FE5CF5 /* Build configuration list for PBXNativeTarget "IntColorPicker" */ = {
			isa = XCConfigurationList;
			buildConfigurations = (
				5B50A9F5203DA86800FE5CF5 /* Debug */,
				5B50A9F6203DA86800FE5CF5 /* Release */,
			);
			defaultConfigurationIsVisible = 0;
			defaultConfigurationName = Release;
		};
/* End XCConfigurationList section */
	};
	rootObject = 5B50A9D6203DA86700FE5CF5 /* Project object */;
}
